
Microsoft Visual Studio Solution File, Format Version 12.00
# Visual Studio Version 17
VisualStudioVersion = 17.8.34330.188
MinimumVisualStudioVersion = 10.0.40219.1
Project("{FAE04EC0-301F-11D3-BF4B-00C04F79EFBC}") = "Oyun", "Oyun\Oyun.csproj", "{DC26D831-D511-41D2-B044-F4477A983C7C}"
EndProject
Global
	GlobalSection(SolutionConfigurationPlatforms) = preSolution
		Debug|Any CPU = Debug|Any CPU
		Release|Any CPU = Release|Any CPU
	EndGlobalSection
	GlobalSection(ProjectConfigurationPlatforms) = postSolution
		{DC26D831-D511-41D2-B044-F4477A983C7C}.Debug|Any CPU.ActiveCfg = Debug|Any CPU
		{DC26D831-D511-41D2-B044-F4477A983C7C}.Debug|Any CPU.Build.0 = Debug|Any CPU
		{DC26D831-D511-41D2-B044-F4477A983C7C}.Release|Any CPU.ActiveCfg = Release|Any CPU
		{DC26D831-D511-41D2-B044-F4477A983C7C}.Release|Any CPU.Build.0 = Release|Any CPU
	EndGlobalSection
	GlobalSection(SolutionProperties) = preSolution
		HideSolutionNode = FALSE
	EndGlobalSection
	GlobalSection(ExtensibilityGlobals) = postSolution
		SolutionGuid = {3040F5A7-013E-4491-A69D-A29D06E840F3}
	EndGlobalSection
EndGlobal
